
Microsoft Visual Studio Solution File, Format Version 12.00
# Visual Studio Version 17
VisualStudioVersion = 17.5.002.0
MinimumVisualStudioVersion = 10.0.40219.1
Project("{9A19103F-16F7-4668-BE54-9A1E7A4F7556}") = "#1", "#1\#1.csproj", "{861079A2-E67F-4049-A8ED-2D33ACA51942}"
EndProject
Project("{FAE04EC0-301F-11D3-BF4B-00C04F79EFBC}") = "#2", "#2\#2.csproj", "{B9777CBF-FB32-48C8-9675-3CA1A42DE22F}"
EndProject
Global
	GlobalSection(SolutionConfigurationPlatforms) = preSolution
		Debug|Any CPU = Debug|Any CPU
		Release|Any CPU = Release|Any CPU
	EndGlobalSection
	GlobalSection(ProjectConfigurationPlatforms) = postSolution
		{861079A2-E67F-4049-A8ED-2D33ACA51942}.Debug|Any CPU.ActiveCfg = Debug|Any CPU
		{861079A2-E67F-4049-A8ED-2D33ACA51942}.Debug|Any CPU.Build.0 = Debug|Any CPU
		{861079A2-E67F-4049-A8ED-2D33ACA51942}.Release|Any CPU.ActiveCfg = Release|Any CPU
		{861079A2-E67F-4049-A8ED-2D33ACA51942}.Release|Any CPU.Build.0 = Release|Any CPU
		{B9777CBF-FB32-48C8-9675-3CA1A42DE22F}.Debug|Any CPU.ActiveCfg = Debug|Any CPU
		{B9777CBF-FB32-48C8-9675-3CA1A42DE22F}.Debug|Any CPU.Build.0 = Debug|Any CPU
		{B9777CBF-FB32-48C8-9675-3CA1A42DE22F}.Release|Any CPU.ActiveCfg = Release|Any CPU
		{B9777CBF-FB32-48C8-9675-3CA1A42DE22F}.Release|Any CPU.Build.0 = Release|Any CPU
	EndGlobalSection
	GlobalSection(SolutionProperties) = preSolution
		HideSolutionNode = FALSE
	EndGlobalSection
	GlobalSection(ExtensibilityGlobals) = postSolution
		SolutionGuid = {D1D35F69-70AB-4267-B785-A452A9BAEA7E}
	EndGlobalSection
EndGlobal
