
Microsoft Visual Studio Solution File, Format Version 12.00
# Visual Studio Version 17
VisualStudioVersion = 17.5.002.0
MinimumVisualStudioVersion = 10.0.40219.1
Project("{9A19103F-16F7-4668-BE54-9A1E7A4F7556}") = "#1", "#1\#1.csproj", "{861079A2-E67F-4049-A8ED-2D33ACA51942}"
EndProject
Project("{FAE04EC0-301F-11D3-BF4B-00C04F79EFBC}") = "#2", "#2\#2.csproj", "{B9777CBF-FB32-48C8-9675-3CA1A42DE22F}"
EndProject
Project("{FAE04EC0-301F-11D3-BF4B-00C04F79EFBC}") = "#3", "#3\#3.csproj", "{4CF612C6-F9EC-4D15-A3B7-8FFC0083E771}"
EndProject
Project("{FAE04EC0-301F-11D3-BF4B-00C04F79EFBC}") = "#4", "#4\#4.csproj", "{CAFAB2D0-A107-4264-A268-D2BE81BD2169}"
EndProject
Project("{FAE04EC0-301F-11D3-BF4B-00C04F79EFBC}") = "#5", "#5\#5.csproj", "{16310A53-01D0-4985-A241-02B1863BDB99}"
EndProject
Project("{FAE04EC0-301F-11D3-BF4B-00C04F79EFBC}") = "#6", "#6\#6.csproj", "{99B05D15-2BB1-4632-80AE-13C49CD1D4A3}"
EndProject
Project("{FAE04EC0-301F-11D3-BF4B-00C04F79EFBC}") = "#7", "#7\#7.csproj", "{7519C526-1DA7-41CE-BE59-A6FFE79B5B72}"
EndProject
Project("{FAE04EC0-301F-11D3-BF4B-00C04F79EFBC}") = "#8", "#8\#8.csproj", "{847D05EF-8A6F-49A3-8707-404C11D7C911}"
EndProject
Project("{FAE04EC0-301F-11D3-BF4B-00C04F79EFBC}") = "#9", "#9\#9.csproj", "{D3CAE6CB-D88A-4EEA-816E-ACFBCCE85350}"
EndProject
Project("{FAE04EC0-301F-11D3-BF4B-00C04F79EFBC}") = "#10", "#10\#10.csproj", "{C0D90236-7EDC-4BA7-9A01-AC8D7AE48FC9}"
EndProject
Project("{FAE04EC0-301F-11D3-BF4B-00C04F79EFBC}") = "#11", "#11\#11.csproj", "{62D2AD39-63EB-4CAB-B480-CC890F9D4C98}"
EndProject
Project("{FAE04EC0-301F-11D3-BF4B-00C04F79EFBC}") = "#12", "#12\#12.csproj", "{5B7AABA8-1167-4EF5-BC4A-1161D33F8D8C}"
EndProject
Project("{FAE04EC0-301F-11D3-BF4B-00C04F79EFBC}") = "#14", "#14\#14.csproj", "{94224309-52C9-4C6C-AD44-C6A6530B871D}"
EndProject
Project("{FAE04EC0-301F-11D3-BF4B-00C04F79EFBC}") = "#13", "#13\#13.csproj", "{022C507A-4B67-49E3-94D9-ECF9FADD0621}"
EndProject
Project("{FAE04EC0-301F-11D3-BF4B-00C04F79EFBC}") = "#15", "#15\#15.csproj", "{863CBA8C-1C77-466F-8A15-0261FEAD6D76}"
EndProject
Project("{FAE04EC0-301F-11D3-BF4B-00C04F79EFBC}") = "#16", "#16\#16.csproj", "{C0B6ADBA-7B63-4BEA-B1ED-9D29DBC281DB}"
EndProject
Project("{FAE04EC0-301F-11D3-BF4B-00C04F79EFBC}") = "#17", "#17\#17.csproj", "{0EE6EDCB-6716-4131-977B-0FC3D94D38EC}"
EndProject
Project("{FAE04EC0-301F-11D3-BF4B-00C04F79EFBC}") = "#18", "#18\#18.csproj", "{84DAF93B-A004-4B10-94A5-DA35156706D8}"
EndProject
Project("{FAE04EC0-301F-11D3-BF4B-00C04F79EFBC}") = "#19", "#19\#19.csproj", "{4527CC76-56B3-4719-B749-DE6E50EB4272}"
EndProject
Project("{FAE04EC0-301F-11D3-BF4B-00C04F79EFBC}") = "#20", "#20\#20.csproj", "{C50C69CD-414D-49F3-B828-6B76FD73B5D7}"
EndProject
Project("{FAE04EC0-301F-11D3-BF4B-00C04F79EFBC}") = "#21", "#21\#21.csproj", "{224CEE7B-FB10-4500-99E3-4FEF1DF53264}"
EndProject
Project("{FAE04EC0-301F-11D3-BF4B-00C04F79EFBC}") = "#22", "#22\#22.csproj", "{4BEB995A-1634-435C-91A4-C5F2810D10B2}"
EndProject
Project("{FAE04EC0-301F-11D3-BF4B-00C04F79EFBC}") = "#23", "#23\#23.csproj", "{36F45C41-DBA4-4B68-B91E-BCA1CA7E69C8}"
EndProject
Project("{FAE04EC0-301F-11D3-BF4B-00C04F79EFBC}") = "#24", "#24\#24.csproj", "{056DD5B5-0E1E-4BCB-875B-F54E03FE31EC}"
EndProject
Project("{FAE04EC0-301F-11D3-BF4B-00C04F79EFBC}") = "#25", "#25\#25.csproj", "{218DEDB6-844E-45FB-A0C8-4774351839FF}"
EndProject
Project("{FAE04EC0-301F-11D3-BF4B-00C04F79EFBC}") = "#26", "#26\#26.csproj", "{94D2C23E-77D1-4022-A878-0DB7D2B74FE7}"
EndProject
Project("{FAE04EC0-301F-11D3-BF4B-00C04F79EFBC}") = "#27", "#27\#27.csproj", "{795B55C2-EBEC-47DA-B004-BF9579890599}"
EndProject
Project("{FAE04EC0-301F-11D3-BF4B-00C04F79EFBC}") = "#28", "#28\#28.csproj", "{CFF8AF4E-3DD4-4B57-B1CD-B387E4E31D7F}"
EndProject
Project("{FAE04EC0-301F-11D3-BF4B-00C04F79EFBC}") = "#29", "#29\#29.csproj", "{6C58F34F-DBA6-494F-8F90-A387B2570B4D}"
EndProject
Project("{FAE04EC0-301F-11D3-BF4B-00C04F79EFBC}") = "#30", "#30\#30.csproj", "{2AD4E54A-D14A-400E-96A9-3BDC67DD446D}"
EndProject
Project("{FAE04EC0-301F-11D3-BF4B-00C04F79EFBC}") = "#31", "#31\#31.csproj", "{F35DBF6B-965A-42FE-BE7A-6F9DD5149E98}"
EndProject
Global
	GlobalSection(SolutionConfigurationPlatforms) = preSolution
		Debug|Any CPU = Debug|Any CPU
		Release|Any CPU = Release|Any CPU
	EndGlobalSection
	GlobalSection(ProjectConfigurationPlatforms) = postSolution
		{861079A2-E67F-4049-A8ED-2D33ACA51942}.Debug|Any CPU.ActiveCfg = Debug|Any CPU
		{861079A2-E67F-4049-A8ED-2D33ACA51942}.Debug|Any CPU.Build.0 = Debug|Any CPU
		{861079A2-E67F-4049-A8ED-2D33ACA51942}.Release|Any CPU.ActiveCfg = Release|Any CPU
		{861079A2-E67F-4049-A8ED-2D33ACA51942}.Release|Any CPU.Build.0 = Release|Any CPU
		{B9777CBF-FB32-48C8-9675-3CA1A42DE22F}.Debug|Any CPU.ActiveCfg = Debug|Any CPU
		{B9777CBF-FB32-48C8-9675-3CA1A42DE22F}.Debug|Any CPU.Build.0 = Debug|Any CPU
		{B9777CBF-FB32-48C8-9675-3CA1A42DE22F}.Release|Any CPU.ActiveCfg = Release|Any CPU
		{B9777CBF-FB32-48C8-9675-3CA1A42DE22F}.Release|Any CPU.Build.0 = Release|Any CPU
		{4CF612C6-F9EC-4D15-A3B7-8FFC0083E771}.Debug|Any CPU.ActiveCfg = Debug|Any CPU
		{4CF612C6-F9EC-4D15-A3B7-8FFC0083E771}.Debug|Any CPU.Build.0 = Debug|Any CPU
		{4CF612C6-F9EC-4D15-A3B7-8FFC0083E771}.Release|Any CPU.ActiveCfg = Release|Any CPU
		{4CF612C6-F9EC-4D15-A3B7-8FFC0083E771}.Release|Any CPU.Build.0 = Release|Any CPU
		{CAFAB2D0-A107-4264-A268-D2BE81BD2169}.Debug|Any CPU.ActiveCfg = Debug|Any CPU
		{CAFAB2D0-A107-4264-A268-D2BE81BD2169}.Debug|Any CPU.Build.0 = Debug|Any CPU
		{CAFAB2D0-A107-4264-A268-D2BE81BD2169}.Release|Any CPU.ActiveCfg = Release|Any CPU
		{CAFAB2D0-A107-4264-A268-D2BE81BD2169}.Release|Any CPU.Build.0 = Release|Any CPU
		{16310A53-01D0-4985-A241-02B1863BDB99}.Debug|Any CPU.ActiveCfg = Debug|Any CPU
		{16310A53-01D0-4985-A241-02B1863BDB99}.Debug|Any CPU.Build.0 = Debug|Any CPU
		{16310A53-01D0-4985-A241-02B1863BDB99}.Release|Any CPU.ActiveCfg = Release|Any CPU
		{16310A53-01D0-4985-A241-02B1863BDB99}.Release|Any CPU.Build.0 = Release|Any CPU
		{99B05D15-2BB1-4632-80AE-13C49CD1D4A3}.Debug|Any CPU.ActiveCfg = Debug|Any CPU
		{99B05D15-2BB1-4632-80AE-13C49CD1D4A3}.Debug|Any CPU.Build.0 = Debug|Any CPU
		{99B05D15-2BB1-4632-80AE-13C49CD1D4A3}.Release|Any CPU.ActiveCfg = Release|Any CPU
		{99B05D15-2BB1-4632-80AE-13C49CD1D4A3}.Release|Any CPU.Build.0 = Release|Any CPU
		{7519C526-1DA7-41CE-BE59-A6FFE79B5B72}.Debug|Any CPU.ActiveCfg = Debug|Any CPU
		{7519C526-1DA7-41CE-BE59-A6FFE79B5B72}.Debug|Any CPU.Build.0 = Debug|Any CPU
		{7519C526-1DA7-41CE-BE59-A6FFE79B5B72}.Release|Any CPU.ActiveCfg = Release|Any CPU
		{7519C526-1DA7-41CE-BE59-A6FFE79B5B72}.Release|Any CPU.Build.0 = Release|Any CPU
		{847D05EF-8A6F-49A3-8707-404C11D7C911}.Debug|Any CPU.ActiveCfg = Debug|Any CPU
		{847D05EF-8A6F-49A3-8707-404C11D7C911}.Debug|Any CPU.Build.0 = Debug|Any CPU
		{847D05EF-8A6F-49A3-8707-404C11D7C911}.Release|Any CPU.ActiveCfg = Release|Any CPU
		{847D05EF-8A6F-49A3-8707-404C11D7C911}.Release|Any CPU.Build.0 = Release|Any CPU
		{D3CAE6CB-D88A-4EEA-816E-ACFBCCE85350}.Debug|Any CPU.ActiveCfg = Debug|Any CPU
		{D3CAE6CB-D88A-4EEA-816E-ACFBCCE85350}.Debug|Any CPU.Build.0 = Debug|Any CPU
		{D3CAE6CB-D88A-4EEA-816E-ACFBCCE85350}.Release|Any CPU.ActiveCfg = Release|Any CPU
		{D3CAE6CB-D88A-4EEA-816E-ACFBCCE85350}.Release|Any CPU.Build.0 = Release|Any CPU
		{C0D90236-7EDC-4BA7-9A01-AC8D7AE48FC9}.Debug|Any CPU.ActiveCfg = Debug|Any CPU
		{C0D90236-7EDC-4BA7-9A01-AC8D7AE48FC9}.Debug|Any CPU.Build.0 = Debug|Any CPU
		{C0D90236-7EDC-4BA7-9A01-AC8D7AE48FC9}.Release|Any CPU.ActiveCfg = Release|Any CPU
		{C0D90236-7EDC-4BA7-9A01-AC8D7AE48FC9}.Release|Any CPU.Build.0 = Release|Any CPU
		{62D2AD39-63EB-4CAB-B480-CC890F9D4C98}.Debug|Any CPU.ActiveCfg = Debug|Any CPU
		{62D2AD39-63EB-4CAB-B480-CC890F9D4C98}.Debug|Any CPU.Build.0 = Debug|Any CPU
		{62D2AD39-63EB-4CAB-B480-CC890F9D4C98}.Release|Any CPU.ActiveCfg = Release|Any CPU
		{62D2AD39-63EB-4CAB-B480-CC890F9D4C98}.Release|Any CPU.Build.0 = Release|Any CPU
		{5B7AABA8-1167-4EF5-BC4A-1161D33F8D8C}.Debug|Any CPU.ActiveCfg = Debug|Any CPU
		{5B7AABA8-1167-4EF5-BC4A-1161D33F8D8C}.Debug|Any CPU.Build.0 = Debug|Any CPU
		{5B7AABA8-1167-4EF5-BC4A-1161D33F8D8C}.Release|Any CPU.ActiveCfg = Release|Any CPU
		{5B7AABA8-1167-4EF5-BC4A-1161D33F8D8C}.Release|Any CPU.Build.0 = Release|Any CPU
		{94224309-52C9-4C6C-AD44-C6A6530B871D}.Debug|Any CPU.ActiveCfg = Debug|Any CPU
		{94224309-52C9-4C6C-AD44-C6A6530B871D}.Debug|Any CPU.Build.0 = Debug|Any CPU
		{94224309-52C9-4C6C-AD44-C6A6530B871D}.Release|Any CPU.ActiveCfg = Release|Any CPU
		{94224309-52C9-4C6C-AD44-C6A6530B871D}.Release|Any CPU.Build.0 = Release|Any CPU
		{022C507A-4B67-49E3-94D9-ECF9FADD0621}.Debug|Any CPU.ActiveCfg = Debug|Any CPU
		{022C507A-4B67-49E3-94D9-ECF9FADD0621}.Debug|Any CPU.Build.0 = Debug|Any CPU
		{022C507A-4B67-49E3-94D9-ECF9FADD0621}.Release|Any CPU.ActiveCfg = Release|Any CPU
		{022C507A-4B67-49E3-94D9-ECF9FADD0621}.Release|Any CPU.Build.0 = Release|Any CPU
		{863CBA8C-1C77-466F-8A15-0261FEAD6D76}.Debug|Any CPU.ActiveCfg = Debug|Any CPU
		{863CBA8C-1C77-466F-8A15-0261FEAD6D76}.Debug|Any CPU.Build.0 = Debug|Any CPU
		{863CBA8C-1C77-466F-8A15-0261FEAD6D76}.Release|Any CPU.ActiveCfg = Release|Any CPU
		{863CBA8C-1C77-466F-8A15-0261FEAD6D76}.Release|Any CPU.Build.0 = Release|Any CPU
		{C0B6ADBA-7B63-4BEA-B1ED-9D29DBC281DB}.Debug|Any CPU.ActiveCfg = Debug|Any CPU
		{C0B6ADBA-7B63-4BEA-B1ED-9D29DBC281DB}.Debug|Any CPU.Build.0 = Debug|Any CPU
		{C0B6ADBA-7B63-4BEA-B1ED-9D29DBC281DB}.Release|Any CPU.ActiveCfg = Release|Any CPU
		{C0B6ADBA-7B63-4BEA-B1ED-9D29DBC281DB}.Release|Any CPU.Build.0 = Release|Any CPU
		{0EE6EDCB-6716-4131-977B-0FC3D94D38EC}.Debug|Any CPU.ActiveCfg = Debug|Any CPU
		{0EE6EDCB-6716-4131-977B-0FC3D94D38EC}.Debug|Any CPU.Build.0 = Debug|Any CPU
		{0EE6EDCB-6716-4131-977B-0FC3D94D38EC}.Release|Any CPU.ActiveCfg = Release|Any CPU
		{0EE6EDCB-6716-4131-977B-0FC3D94D38EC}.Release|Any CPU.Build.0 = Release|Any CPU
		{84DAF93B-A004-4B10-94A5-DA35156706D8}.Debug|Any CPU.ActiveCfg = Debug|Any CPU
		{84DAF93B-A004-4B10-94A5-DA35156706D8}.Debug|Any CPU.Build.0 = Debug|Any CPU
		{84DAF93B-A004-4B10-94A5-DA35156706D8}.Release|Any CPU.ActiveCfg = Release|Any CPU
		{84DAF93B-A004-4B10-94A5-DA35156706D8}.Release|Any CPU.Build.0 = Release|Any CPU
		{4527CC76-56B3-4719-B749-DE6E50EB4272}.Debug|Any CPU.ActiveCfg = Debug|Any CPU
		{4527CC76-56B3-4719-B749-DE6E50EB4272}.Debug|Any CPU.Build.0 = Debug|Any CPU
		{4527CC76-56B3-4719-B749-DE6E50EB4272}.Release|Any CPU.ActiveCfg = Release|Any CPU
		{4527CC76-56B3-4719-B749-DE6E50EB4272}.Release|Any CPU.Build.0 = Release|Any CPU
		{C50C69CD-414D-49F3-B828-6B76FD73B5D7}.Debug|Any CPU.ActiveCfg = Debug|Any CPU
		{C50C69CD-414D-49F3-B828-6B76FD73B5D7}.Debug|Any CPU.Build.0 = Debug|Any CPU
		{C50C69CD-414D-49F3-B828-6B76FD73B5D7}.Release|Any CPU.ActiveCfg = Release|Any CPU
		{C50C69CD-414D-49F3-B828-6B76FD73B5D7}.Release|Any CPU.Build.0 = Release|Any CPU
		{224CEE7B-FB10-4500-99E3-4FEF1DF53264}.Debug|Any CPU.ActiveCfg = Debug|Any CPU
		{224CEE7B-FB10-4500-99E3-4FEF1DF53264}.Debug|Any CPU.Build.0 = Debug|Any CPU
		{224CEE7B-FB10-4500-99E3-4FEF1DF53264}.Release|Any CPU.ActiveCfg = Release|Any CPU
		{224CEE7B-FB10-4500-99E3-4FEF1DF53264}.Release|Any CPU.Build.0 = Release|Any CPU
		{4BEB995A-1634-435C-91A4-C5F2810D10B2}.Debug|Any CPU.ActiveCfg = Debug|Any CPU
		{4BEB995A-1634-435C-91A4-C5F2810D10B2}.Debug|Any CPU.Build.0 = Debug|Any CPU
		{4BEB995A-1634-435C-91A4-C5F2810D10B2}.Release|Any CPU.ActiveCfg = Release|Any CPU
		{4BEB995A-1634-435C-91A4-C5F2810D10B2}.Release|Any CPU.Build.0 = Release|Any CPU
		{36F45C41-DBA4-4B68-B91E-BCA1CA7E69C8}.Debug|Any CPU.ActiveCfg = Debug|Any CPU
		{36F45C41-DBA4-4B68-B91E-BCA1CA7E69C8}.Debug|Any CPU.Build.0 = Debug|Any CPU
		{36F45C41-DBA4-4B68-B91E-BCA1CA7E69C8}.Release|Any CPU.ActiveCfg = Release|Any CPU
		{36F45C41-DBA4-4B68-B91E-BCA1CA7E69C8}.Release|Any CPU.Build.0 = Release|Any CPU
		{056DD5B5-0E1E-4BCB-875B-F54E03FE31EC}.Debug|Any CPU.ActiveCfg = Debug|Any CPU
		{056DD5B5-0E1E-4BCB-875B-F54E03FE31EC}.Debug|Any CPU.Build.0 = Debug|Any CPU
		{056DD5B5-0E1E-4BCB-875B-F54E03FE31EC}.Release|Any CPU.ActiveCfg = Release|Any CPU
		{056DD5B5-0E1E-4BCB-875B-F54E03FE31EC}.Release|Any CPU.Build.0 = Release|Any CPU
		{218DEDB6-844E-45FB-A0C8-4774351839FF}.Debug|Any CPU.ActiveCfg = Debug|Any CPU
		{218DEDB6-844E-45FB-A0C8-4774351839FF}.Debug|Any CPU.Build.0 = Debug|Any CPU
		{218DEDB6-844E-45FB-A0C8-4774351839FF}.Release|Any CPU.ActiveCfg = Release|Any CPU
		{218DEDB6-844E-45FB-A0C8-4774351839FF}.Release|Any CPU.Build.0 = Release|Any CPU
		{94D2C23E-77D1-4022-A878-0DB7D2B74FE7}.Debug|Any CPU.ActiveCfg = Debug|Any CPU
		{94D2C23E-77D1-4022-A878-0DB7D2B74FE7}.Debug|Any CPU.Build.0 = Debug|Any CPU
		{94D2C23E-77D1-4022-A878-0DB7D2B74FE7}.Release|Any CPU.ActiveCfg = Release|Any CPU
		{94D2C23E-77D1-4022-A878-0DB7D2B74FE7}.Release|Any CPU.Build.0 = Release|Any CPU
		{795B55C2-EBEC-47DA-B004-BF9579890599}.Debug|Any CPU.ActiveCfg = Debug|Any CPU
		{795B55C2-EBEC-47DA-B004-BF9579890599}.Debug|Any CPU.Build.0 = Debug|Any CPU
		{795B55C2-EBEC-47DA-B004-BF9579890599}.Release|Any CPU.ActiveCfg = Release|Any CPU
		{795B55C2-EBEC-47DA-B004-BF9579890599}.Release|Any CPU.Build.0 = Release|Any CPU
		{CFF8AF4E-3DD4-4B57-B1CD-B387E4E31D7F}.Debug|Any CPU.ActiveCfg = Debug|Any CPU
		{CFF8AF4E-3DD4-4B57-B1CD-B387E4E31D7F}.Debug|Any CPU.Build.0 = Debug|Any CPU
		{CFF8AF4E-3DD4-4B57-B1CD-B387E4E31D7F}.Release|Any CPU.ActiveCfg = Release|Any CPU
		{CFF8AF4E-3DD4-4B57-B1CD-B387E4E31D7F}.Release|Any CPU.Build.0 = Release|Any CPU
		{6C58F34F-DBA6-494F-8F90-A387B2570B4D}.Debug|Any CPU.ActiveCfg = Debug|Any CPU
		{6C58F34F-DBA6-494F-8F90-A387B2570B4D}.Debug|Any CPU.Build.0 = Debug|Any CPU
		{6C58F34F-DBA6-494F-8F90-A387B2570B4D}.Release|Any CPU.ActiveCfg = Release|Any CPU
		{6C58F34F-DBA6-494F-8F90-A387B2570B4D}.Release|Any CPU.Build.0 = Release|Any CPU
		{2AD4E54A-D14A-400E-96A9-3BDC67DD446D}.Debug|Any CPU.ActiveCfg = Debug|Any CPU
		{2AD4E54A-D14A-400E-96A9-3BDC67DD446D}.Debug|Any CPU.Build.0 = Debug|Any CPU
		{2AD4E54A-D14A-400E-96A9-3BDC67DD446D}.Release|Any CPU.ActiveCfg = Release|Any CPU
		{2AD4E54A-D14A-400E-96A9-3BDC67DD446D}.Release|Any CPU.Build.0 = Release|Any CPU
		{F35DBF6B-965A-42FE-BE7A-6F9DD5149E98}.Debug|Any CPU.ActiveCfg = Debug|Any CPU
		{F35DBF6B-965A-42FE-BE7A-6F9DD5149E98}.Debug|Any CPU.Build.0 = Debug|Any CPU
		{F35DBF6B-965A-42FE-BE7A-6F9DD5149E98}.Release|Any CPU.ActiveCfg = Release|Any CPU
		{F35DBF6B-965A-42FE-BE7A-6F9DD5149E98}.Release|Any CPU.Build.0 = Release|Any CPU
	EndGlobalSection
	GlobalSection(SolutionProperties) = preSolution
		HideSolutionNode = FALSE
	EndGlobalSection
	GlobalSection(ExtensibilityGlobals) = postSolution
		SolutionGuid = {D1D35F69-70AB-4267-B785-A452A9BAEA7E}
	EndGlobalSection
EndGlobal
